
Microsoft Visual Studio Solution File, Format Version 12.00
# Visual Studio Version 17
VisualStudioVersion = 17.4.33103.184
MinimumVisualStudioVersion = 10.0.40219.1
Project("{FAE04EC0-301F-11D3-BF4B-00C04F79EFBC}") = "1.API", "1.API\1.API.csproj", "{5DC6F9C8-9E1A-4731-B3D6-02F0A40336D3}"
EndProject
Project("{FAE04EC0-301F-11D3-BF4B-00C04F79EFBC}") = "2.DATA", "2.DATA\2.DATA.csproj", "{DB122DDC-C294-4CCD-8F2F-BFC476FB6E21}"
EndProject
Project("{FAE04EC0-301F-11D3-BF4B-00C04F79EFBC}") = "3.ProjectView", "3.ProjectView\3.ProjectView.csproj", "{A73B83C7-7280-416C-8B83-E65A03D02070}"
EndProject
Global
	GlobalSection(SolutionConfigurationPlatforms) = preSolution
		Debug|Any CPU = Debug|Any CPU
		Release|Any CPU = Release|Any CPU
	EndGlobalSection
	GlobalSection(ProjectConfigurationPlatforms) = postSolution
		{5DC6F9C8-9E1A-4731-B3D6-02F0A40336D3}.Debug|Any CPU.ActiveCfg = Debug|Any CPU
		{5DC6F9C8-9E1A-4731-B3D6-02F0A40336D3}.Debug|Any CPU.Build.0 = Debug|Any CPU
		{5DC6F9C8-9E1A-4731-B3D6-02F0A40336D3}.Release|Any CPU.ActiveCfg = Release|Any CPU
		{5DC6F9C8-9E1A-4731-B3D6-02F0A40336D3}.Release|Any CPU.Build.0 = Release|Any CPU
		{DB122DDC-C294-4CCD-8F2F-BFC476FB6E21}.Debug|Any CPU.ActiveCfg = Debug|Any CPU
		{DB122DDC-C294-4CCD-8F2F-BFC476FB6E21}.Debug|Any CPU.Build.0 = Debug|Any CPU
		{DB122DDC-C294-4CCD-8F2F-BFC476FB6E21}.Release|Any CPU.ActiveCfg = Release|Any CPU
		{DB122DDC-C294-4CCD-8F2F-BFC476FB6E21}.Release|Any CPU.Build.0 = Release|Any CPU
		{A73B83C7-7280-416C-8B83-E65A03D02070}.Debug|Any CPU.ActiveCfg = Debug|Any CPU
		{A73B83C7-7280-416C-8B83-E65A03D02070}.Debug|Any CPU.Build.0 = Debug|Any CPU
		{A73B83C7-7280-416C-8B83-E65A03D02070}.Release|Any CPU.ActiveCfg = Release|Any CPU
		{A73B83C7-7280-416C-8B83-E65A03D02070}.Release|Any CPU.Build.0 = Release|Any CPU
	EndGlobalSection
	GlobalSection(SolutionProperties) = preSolution
		HideSolutionNode = FALSE
	EndGlobalSection
	GlobalSection(ExtensibilityGlobals) = postSolution
		SolutionGuid = {06805737-1839-4132-9BD9-E7C55F7AE063}
	EndGlobalSection
EndGlobal
